
Microsoft Visual Studio Solution File, Format Version 12.00
# Visual Studio 15
VisualStudioVersion = 15.0.27703.2026
MinimumVisualStudioVersion = 10.0.40219.1
Project("{FAE04EC0-301F-11D3-BF4B-00C04F79EFBC}") = "CMLMusicPlayer", "CMLMusicPlayer\CMLMusicPlayer.csproj", "{F9304F41-F684-4284-91CF-9FCDB5901E33}"
EndProject
Project("{2150E333-8FDC-42A3-9474-1A3956D46DE8}") = "Solution Items", "Solution Items", "{B73C5E82-FFF5-4E51-BD74-87A9CA4967BB}"
	ProjectSection(SolutionItems) = preProject
		Doc\DesignDoc.md = Doc\DesignDoc.md
		README.md = README.md
		Doc\代码规范（中文版）.md = Doc\代码规范（中文版）.md
	EndProjectSection
EndProject
Project("{FAE04EC0-301F-11D3-BF4B-00C04F79EFBC}") = "CMLTest", "CMLTest\CMLTest.csproj", "{3CE6185F-1C88-4B89-A9EC-B37B898EFEF9}"
EndProject
Global
	GlobalSection(SolutionConfigurationPlatforms) = preSolution
		Debug|Any CPU = Debug|Any CPU
		Debug|x64 = Debug|x64
		Debug|x86 = Debug|x86
		Release|Any CPU = Release|Any CPU
		Release|x64 = Release|x64
		Release|x86 = Release|x86
	EndGlobalSection
	GlobalSection(ProjectConfigurationPlatforms) = postSolution
		{F9304F41-F684-4284-91CF-9FCDB5901E33}.Debug|Any CPU.ActiveCfg = Debug|Any CPU
		{F9304F41-F684-4284-91CF-9FCDB5901E33}.Debug|Any CPU.Build.0 = Debug|Any CPU
		{F9304F41-F684-4284-91CF-9FCDB5901E33}.Debug|x64.ActiveCfg = Debug|Any CPU
		{F9304F41-F684-4284-91CF-9FCDB5901E33}.Debug|x64.Build.0 = Debug|Any CPU
		{F9304F41-F684-4284-91CF-9FCDB5901E33}.Debug|x86.ActiveCfg = Debug|Any CPU
		{F9304F41-F684-4284-91CF-9FCDB5901E33}.Debug|x86.Build.0 = Debug|Any CPU
		{F9304F41-F684-4284-91CF-9FCDB5901E33}.Release|Any CPU.ActiveCfg = Release|Any CPU
		{F9304F41-F684-4284-91CF-9FCDB5901E33}.Release|Any CPU.Build.0 = Release|Any CPU
		{F9304F41-F684-4284-91CF-9FCDB5901E33}.Release|x64.ActiveCfg = Release|Any CPU
		{F9304F41-F684-4284-91CF-9FCDB5901E33}.Release|x64.Build.0 = Release|Any CPU
		{F9304F41-F684-4284-91CF-9FCDB5901E33}.Release|x86.ActiveCfg = Release|Any CPU
		{F9304F41-F684-4284-91CF-9FCDB5901E33}.Release|x86.Build.0 = Release|Any CPU
		{3CE6185F-1C88-4B89-A9EC-B37B898EFEF9}.Debug|Any CPU.ActiveCfg = Debug|Any CPU
		{3CE6185F-1C88-4B89-A9EC-B37B898EFEF9}.Debug|Any CPU.Build.0 = Debug|Any CPU
		{3CE6185F-1C88-4B89-A9EC-B37B898EFEF9}.Debug|x64.ActiveCfg = Debug|Any CPU
		{3CE6185F-1C88-4B89-A9EC-B37B898EFEF9}.Debug|x64.Build.0 = Debug|Any CPU
		{3CE6185F-1C88-4B89-A9EC-B37B898EFEF9}.Debug|x86.ActiveCfg = Debug|Any CPU
		{3CE6185F-1C88-4B89-A9EC-B37B898EFEF9}.Debug|x86.Build.0 = Debug|Any CPU
		{3CE6185F-1C88-4B89-A9EC-B37B898EFEF9}.Release|Any CPU.ActiveCfg = Release|Any CPU
		{3CE6185F-1C88-4B89-A9EC-B37B898EFEF9}.Release|Any CPU.Build.0 = Release|Any CPU
		{3CE6185F-1C88-4B89-A9EC-B37B898EFEF9}.Release|x64.ActiveCfg = Release|Any CPU
		{3CE6185F-1C88-4B89-A9EC-B37B898EFEF9}.Release|x64.Build.0 = Release|Any CPU
		{3CE6185F-1C88-4B89-A9EC-B37B898EFEF9}.Release|x86.ActiveCfg = Release|Any CPU
		{3CE6185F-1C88-4B89-A9EC-B37B898EFEF9}.Release|x86.Build.0 = Release|Any CPU
	EndGlobalSection
	GlobalSection(SolutionProperties) = preSolution
		HideSolutionNode = FALSE
	EndGlobalSection
	GlobalSection(ExtensibilityGlobals) = postSolution
		SolutionGuid = {E9132443-232D-4B12-9A37-B7959606FD79}
	EndGlobalSection
EndGlobal
